
Microsoft Visual Studio Solution File, Format Version 12.00
# Visual Studio Version 16
VisualStudioVersion = 16.0.809.7
MinimumVisualStudioVersion = 10.0.40219.1
Project("{FAE04EC0-301F-11D3-BF4B-00C04F79EFBC}") = "crud_nhibernate", "crud_nhibernate\crud_nhibernate.csproj", "{6C600B15-CF33-4CE8-A0D7-45BECE33A4A0}"
EndProject
Global
	GlobalSection(SolutionConfigurationPlatforms) = preSolution
		Debug|Any CPU = Debug|Any CPU
		Release|Any CPU = Release|Any CPU
	EndGlobalSection
	GlobalSection(ProjectConfigurationPlatforms) = postSolution
		{6C600B15-CF33-4CE8-A0D7-45BECE33A4A0}.Debug|Any CPU.ActiveCfg = Debug|Any CPU
		{6C600B15-CF33-4CE8-A0D7-45BECE33A4A0}.Debug|Any CPU.Build.0 = Debug|Any CPU
		{6C600B15-CF33-4CE8-A0D7-45BECE33A4A0}.Release|Any CPU.ActiveCfg = Release|Any CPU
		{6C600B15-CF33-4CE8-A0D7-45BECE33A4A0}.Release|Any CPU.Build.0 = Release|Any CPU
	EndGlobalSection
	GlobalSection(SolutionProperties) = preSolution
		HideSolutionNode = FALSE
	EndGlobalSection
	GlobalSection(ExtensibilityGlobals) = postSolution
		SolutionGuid = {D96C8CC3-8EA1-4BDF-875D-E86918DCD1DD}
	EndGlobalSection
EndGlobal
